
Microsoft Visual Studio Solution File, Format Version 12.00
# Visual Studio Version 17
VisualStudioVersion = 17.0.31612.314
MinimumVisualStudioVersion = 10.0.40219.1
Project("{2150E333-8FDC-42A3-9474-1A3956D46DE8}") = "Application", "Application", "{EEA0FC5B-3787-444F-8CB0-9693917D3515}"
EndProject
Project("{2150E333-8FDC-42A3-9474-1A3956D46DE8}") = "1 - Presentation", "1 - Presentation", "{D9BDCCEA-62AC-441B-9713-2615DEDC757E}"
EndProject
Project("{2150E333-8FDC-42A3-9474-1A3956D46DE8}") = "2 - Services", "2 - Services", "{11D86A52-BF6B-47C7-A20F-DDA6362DED07}"
EndProject
Project("{2150E333-8FDC-42A3-9474-1A3956D46DE8}") = "3 - Application", "3 - Application", "{82BD874B-D0A1-4802-8278-ADD9693DB589}"
EndProject
Project("{2150E333-8FDC-42A3-9474-1A3956D46DE8}") = "4 - Domain", "4 - Domain", "{3EBA0177-BABE-46B8-9FB4-8F6A0C2DB60C}"
EndProject
Project("{2150E333-8FDC-42A3-9474-1A3956D46DE8}") = "5 - Persistence", "5 - Persistence", "{469CB850-3794-4596-B7CA-2B5B883E87B3}"
EndProject
Project("{2150E333-8FDC-42A3-9474-1A3956D46DE8}") = "Tests", "Tests", "{597E8C1B-7401-4A6E-8857-46D5A273FD82}"
EndProject
Project("{9A19103F-16F7-4668-BE54-9A1E7A4F7556}") = "Comrade.Application", "src\comrade.Application\Comrade.Application.csproj", "{927BF290-C2E0-4C83-8135-B43AB74CFD99}"
EndProject
Project("{9A19103F-16F7-4668-BE54-9A1E7A4F7556}") = "Comrade.Api", "src\comrade.Api\Comrade.Api.csproj", "{0FB4B8DD-BF9B-4167-91FE-63CAA1FB3ECF}"
EndProject
Project("{9A19103F-16F7-4668-BE54-9A1E7A4F7556}") = "Comrade.Core", "src\comrade.Core\Comrade.Core.csproj", "{83301418-BDE8-4DB9-BBD8-D5E7F9EF1954}"
EndProject
Project("{9A19103F-16F7-4668-BE54-9A1E7A4F7556}") = "Comrade.Domain", "src\comrade.Domain\Comrade.Domain.csproj", "{13FAEEEB-3857-4CE8-8C1E-0EC8BA1F838F}"
EndProject
Project("{9A19103F-16F7-4668-BE54-9A1E7A4F7556}") = "Comrade.UnitTests", "tests\comrade.UnitTests\Comrade.UnitTests.csproj", "{0A07755C-DDAA-4F3F-A802-612F9C11F7D8}"
EndProject
Project("{9A19103F-16F7-4668-BE54-9A1E7A4F7556}") = "Comrade.IntegrationTests", "tests\comrade.IntegrationTests\Comrade.IntegrationTests.csproj", "{DE69CD1F-3698-4B83-A773-B8DD5864820F}"
EndProject
Project("{9A19103F-16F7-4668-BE54-9A1E7A4F7556}") = "Comrade.ComponentTests", "tests\Comrade.ComponentTests\Comrade.ComponentTests.csproj", "{BA7417A3-9138-40DC-AFF3-30B48839ABEA}"
EndProject
Project("{9A19103F-16F7-4668-BE54-9A1E7A4F7556}") = "Comrade.Persistence", "src\Comrade.Persistence\Comrade.Persistence.csproj", "{D6F2C677-08EA-4DF6-B689-BA3DCC026A6B}"
EndProject
Project("{9A19103F-16F7-4668-BE54-9A1E7A4F7556}") = "Comrade.Benchmark", "tests\Comrade.Benchmark\Comrade.Benchmark.csproj", "{E2CDD220-AC5C-4DCE-82C3-E0325D7CEB00}"
EndProject
Project("{9A19103F-16F7-4668-BE54-9A1E7A4F7556}") = "Comrade.Persistence.ADO", "src\Comrade.Persistence.ADO\Comrade.Persistence.ADO.csproj", "{4D308CB0-2F6F-42A7-AD53-F005A5005244}"
EndProject
Global
	GlobalSection(SolutionConfigurationPlatforms) = preSolution
		Debug|Any CPU = Debug|Any CPU
		Release|Any CPU = Release|Any CPU
	EndGlobalSection
	GlobalSection(ProjectConfigurationPlatforms) = postSolution
		{927BF290-C2E0-4C83-8135-B43AB74CFD99}.Debug|Any CPU.ActiveCfg = Debug|Any CPU
		{927BF290-C2E0-4C83-8135-B43AB74CFD99}.Debug|Any CPU.Build.0 = Debug|Any CPU
		{927BF290-C2E0-4C83-8135-B43AB74CFD99}.Release|Any CPU.ActiveCfg = Release|Any CPU
		{927BF290-C2E0-4C83-8135-B43AB74CFD99}.Release|Any CPU.Build.0 = Release|Any CPU
		{0FB4B8DD-BF9B-4167-91FE-63CAA1FB3ECF}.Debug|Any CPU.ActiveCfg = Debug|Any CPU
		{0FB4B8DD-BF9B-4167-91FE-63CAA1FB3ECF}.Debug|Any CPU.Build.0 = Debug|Any CPU
		{0FB4B8DD-BF9B-4167-91FE-63CAA1FB3ECF}.Release|Any CPU.ActiveCfg = Release|Any CPU
		{0FB4B8DD-BF9B-4167-91FE-63CAA1FB3ECF}.Release|Any CPU.Build.0 = Release|Any CPU
		{83301418-BDE8-4DB9-BBD8-D5E7F9EF1954}.Debug|Any CPU.ActiveCfg = Debug|Any CPU
		{83301418-BDE8-4DB9-BBD8-D5E7F9EF1954}.Debug|Any CPU.Build.0 = Debug|Any CPU
		{83301418-BDE8-4DB9-BBD8-D5E7F9EF1954}.Release|Any CPU.ActiveCfg = Release|Any CPU
		{83301418-BDE8-4DB9-BBD8-D5E7F9EF1954}.Release|Any CPU.Build.0 = Release|Any CPU
		{13FAEEEB-3857-4CE8-8C1E-0EC8BA1F838F}.Debug|Any CPU.ActiveCfg = Debug|Any CPU
		{13FAEEEB-3857-4CE8-8C1E-0EC8BA1F838F}.Debug|Any CPU.Build.0 = Debug|Any CPU
		{13FAEEEB-3857-4CE8-8C1E-0EC8BA1F838F}.Release|Any CPU.ActiveCfg = Release|Any CPU
		{13FAEEEB-3857-4CE8-8C1E-0EC8BA1F838F}.Release|Any CPU.Build.0 = Release|Any CPU
		{0A07755C-DDAA-4F3F-A802-612F9C11F7D8}.Debug|Any CPU.ActiveCfg = Debug|Any CPU
		{0A07755C-DDAA-4F3F-A802-612F9C11F7D8}.Debug|Any CPU.Build.0 = Debug|Any CPU
		{0A07755C-DDAA-4F3F-A802-612F9C11F7D8}.Release|Any CPU.ActiveCfg = Release|Any CPU
		{0A07755C-DDAA-4F3F-A802-612F9C11F7D8}.Release|Any CPU.Build.0 = Release|Any CPU
		{DE69CD1F-3698-4B83-A773-B8DD5864820F}.Debug|Any CPU.ActiveCfg = Debug|Any CPU
		{DE69CD1F-3698-4B83-A773-B8DD5864820F}.Debug|Any CPU.Build.0 = Debug|Any CPU
		{DE69CD1F-3698-4B83-A773-B8DD5864820F}.Release|Any CPU.ActiveCfg = Release|Any CPU
		{DE69CD1F-3698-4B83-A773-B8DD5864820F}.Release|Any CPU.Build.0 = Release|Any CPU
		{BA7417A3-9138-40DC-AFF3-30B48839ABEA}.Debug|Any CPU.ActiveCfg = Debug|Any CPU
		{BA7417A3-9138-40DC-AFF3-30B48839ABEA}.Debug|Any CPU.Build.0 = Debug|Any CPU
		{BA7417A3-9138-40DC-AFF3-30B48839ABEA}.Release|Any CPU.ActiveCfg = Release|Any CPU
		{BA7417A3-9138-40DC-AFF3-30B48839ABEA}.Release|Any CPU.Build.0 = Release|Any CPU
		{D6F2C677-08EA-4DF6-B689-BA3DCC026A6B}.Debug|Any CPU.ActiveCfg = Debug|Any CPU
		{D6F2C677-08EA-4DF6-B689-BA3DCC026A6B}.Debug|Any CPU.Build.0 = Debug|Any CPU
		{D6F2C677-08EA-4DF6-B689-BA3DCC026A6B}.Release|Any CPU.ActiveCfg = Release|Any CPU
		{D6F2C677-08EA-4DF6-B689-BA3DCC026A6B}.Release|Any CPU.Build.0 = Release|Any CPU
		{E2CDD220-AC5C-4DCE-82C3-E0325D7CEB00}.Debug|Any CPU.ActiveCfg = Debug|Any CPU
		{E2CDD220-AC5C-4DCE-82C3-E0325D7CEB00}.Debug|Any CPU.Build.0 = Debug|Any CPU
		{E2CDD220-AC5C-4DCE-82C3-E0325D7CEB00}.Release|Any CPU.ActiveCfg = Release|Any CPU
		{E2CDD220-AC5C-4DCE-82C3-E0325D7CEB00}.Release|Any CPU.Build.0 = Release|Any CPU
		{4D308CB0-2F6F-42A7-AD53-F005A5005244}.Debug|Any CPU.ActiveCfg = Debug|Any CPU
		{4D308CB0-2F6F-42A7-AD53-F005A5005244}.Debug|Any CPU.Build.0 = Debug|Any CPU
		{4D308CB0-2F6F-42A7-AD53-F005A5005244}.Release|Any CPU.ActiveCfg = Release|Any CPU
		{4D308CB0-2F6F-42A7-AD53-F005A5005244}.Release|Any CPU.Build.0 = Release|Any CPU
	EndGlobalSection
	GlobalSection(SolutionProperties) = preSolution
		HideSolutionNode = FALSE
	EndGlobalSection
	GlobalSection(NestedProjects) = preSolution
		{D9BDCCEA-62AC-441B-9713-2615DEDC757E} = {EEA0FC5B-3787-444F-8CB0-9693917D3515}
		{11D86A52-BF6B-47C7-A20F-DDA6362DED07} = {EEA0FC5B-3787-444F-8CB0-9693917D3515}
		{82BD874B-D0A1-4802-8278-ADD9693DB589} = {EEA0FC5B-3787-444F-8CB0-9693917D3515}
		{3EBA0177-BABE-46B8-9FB4-8F6A0C2DB60C} = {EEA0FC5B-3787-444F-8CB0-9693917D3515}
		{469CB850-3794-4596-B7CA-2B5B883E87B3} = {EEA0FC5B-3787-444F-8CB0-9693917D3515}
		{927BF290-C2E0-4C83-8135-B43AB74CFD99} = {82BD874B-D0A1-4802-8278-ADD9693DB589}
		{0FB4B8DD-BF9B-4167-91FE-63CAA1FB3ECF} = {11D86A52-BF6B-47C7-A20F-DDA6362DED07}
		{83301418-BDE8-4DB9-BBD8-D5E7F9EF1954} = {3EBA0177-BABE-46B8-9FB4-8F6A0C2DB60C}
		{13FAEEEB-3857-4CE8-8C1E-0EC8BA1F838F} = {3EBA0177-BABE-46B8-9FB4-8F6A0C2DB60C}
		{0A07755C-DDAA-4F3F-A802-612F9C11F7D8} = {597E8C1B-7401-4A6E-8857-46D5A273FD82}
		{DE69CD1F-3698-4B83-A773-B8DD5864820F} = {597E8C1B-7401-4A6E-8857-46D5A273FD82}
		{BA7417A3-9138-40DC-AFF3-30B48839ABEA} = {597E8C1B-7401-4A6E-8857-46D5A273FD82}
		{D6F2C677-08EA-4DF6-B689-BA3DCC026A6B} = {469CB850-3794-4596-B7CA-2B5B883E87B3}
		{E2CDD220-AC5C-4DCE-82C3-E0325D7CEB00} = {597E8C1B-7401-4A6E-8857-46D5A273FD82}
		{4D308CB0-2F6F-42A7-AD53-F005A5005244} = {469CB850-3794-4596-B7CA-2B5B883E87B3}
	EndGlobalSection
	GlobalSection(ExtensibilityGlobals) = postSolution
		SolutionGuid = {A0CB2A5E-CB45-4F87-A992-E93F38A7FA54}
	EndGlobalSection
EndGlobal
